
Microsoft Visual Studio Solution File, Format Version 12.00
# Visual Studio Version 17
VisualStudioVersion = 17.4.33110.190
MinimumVisualStudioVersion = 10.0.40219.1
Project("{FAE04EC0-301F-11D3-BF4B-00C04F79EFBC}") = "ConsoleApp1", "ConsoleApp1\ConsoleApp1.csproj", "{A50015A3-5021-4E93-B32C-C9482AF890DF}"
EndProject
Global
	GlobalSection(SolutionConfigurationPlatforms) = preSolution
		Debug|Any CPU = Debug|Any CPU
		Release|Any CPU = Release|Any CPU
	EndGlobalSection
	GlobalSection(ProjectConfigurationPlatforms) = postSolution
		{A50015A3-5021-4E93-B32C-C9482AF890DF}.Debug|Any CPU.ActiveCfg = Debug|Any CPU
		{A50015A3-5021-4E93-B32C-C9482AF890DF}.Debug|Any CPU.Build.0 = Debug|Any CPU
		{A50015A3-5021-4E93-B32C-C9482AF890DF}.Release|Any CPU.ActiveCfg = Release|Any CPU
		{A50015A3-5021-4E93-B32C-C9482AF890DF}.Release|Any CPU.Build.0 = Release|Any CPU
	EndGlobalSection
	GlobalSection(SolutionProperties) = preSolution
		HideSolutionNode = FALSE
	EndGlobalSection
	GlobalSection(ExtensibilityGlobals) = postSolution
		SolutionGuid = {9767C0E2-89AB-40D9-996B-20C5D62D3901}
	EndGlobalSection
EndGlobal
